// !$*UTF8*$!
{
	archiveVersion = 1;
	classes = {
	};
	objectVersion = 56;
	objects = {

/* Begin PBXBuildFile section */
		A10000000000000000000001 /* MoodPolaroidApp.swift in Sources */ = {isa = PBXBuildFile; fileRef = A20000000000000000000001 /* MoodPolaroidApp.swift */; };
		A10000000000000000000002 /* RootView.swift in Sources */ = {isa = PBXBuildFile; fileRef = A20000000000000000000002 /* RootView.swift */; };
		A10000000000000000000003 /* MoodEntry.swift in Sources */ = {isa = PBXBuildFile; fileRef = A20000000000000000000003 /* MoodEntry.swift */; };
		A10000000000000000000004 /* MoodEntryStore.swift in Sources */ = {isa = PBXBuildFile; fileRef = A20000000000000000000004 /* MoodEntryStore.swift */; };
		A10000000000000000000031 /* CaptureDraftStore.swift in Sources */ = {isa = PBXBuildFile; fileRef = A20000000000000000000031 /* CaptureDraftStore.swift */; };
		A10000000000000000000005 /* CaptureView.swift in Sources */ = {isa = PBXBuildFile; fileRef = A20000000000000000000005 /* CaptureView.swift */; };
		A10000000000000000000006 /* CardView.swift in Sources */ = {isa = PBXBuildFile; fileRef = A20000000000000000000006 /* CardView.swift */; };
		A10000000000000000000007 /* GalleryView.swift in Sources */ = {isa = PBXBuildFile; fileRef = A20000000000000000000007 /* GalleryView.swift */; };
		A10000000000000000000008 /* Assets.xcassets in Resources */ = {isa = PBXBuildFile; fileRef = A20000000000000000000008 /* Assets.xcassets */; };
		A10000000000000000000009 /* PolaroidCard.swift in Sources */ = {isa = PBXBuildFile; fileRef = A20000000000000000000010 /* PolaroidCard.swift */; };
		A1000000000000000000000A /* PhotoFileStore.swift in Sources */ = {isa = PBXBuildFile; fileRef = A2000000000000000000000B /* PhotoFileStore.swift */; };
		A1000000000000000000000B /* CameraController.swift in Sources */ = {isa = PBXBuildFile; fileRef = A2000000000000000000000C /* CameraController.swift */; };
		A1000000000000000000000C /* AIService.swift in Sources */ = {isa = PBXBuildFile; fileRef = A2000000000000000000000D /* AIService.swift */; };
		A1000000000000000000000D /* CameraSkins.swift in Sources */ = {isa = PBXBuildFile; fileRef = A2000000000000000000000E /* CameraSkins.swift */; };
		A1000000000000000000000E /* SkinnedCameraView.swift in Sources */ = {isa = PBXBuildFile; fileRef = A2000000000000000000000F /* SkinnedCameraView.swift */; };
		A1000000000000000000000F /* CameraFilterPipeline.swift in Sources */ = {isa = PBXBuildFile; fileRef = A20000000000000000000011 /* CameraFilterPipeline.swift */; };
/* End PBXBuildFile section */

/* Begin PBXFileReference section */
		A20000000000000000000001 /* MoodPolaroidApp.swift */ = {isa = PBXFileReference; lastKnownFileType = sourcecode.swift; path = MoodPolaroidApp.swift; sourceTree = "<group>"; };
		A20000000000000000000002 /* RootView.swift */ = {isa = PBXFileReference; lastKnownFileType = sourcecode.swift; path = RootView.swift; sourceTree = "<group>"; };
		A20000000000000000000003 /* MoodEntry.swift */ = {isa = PBXFileReference; lastKnownFileType = sourcecode.swift; path = MoodEntry.swift; sourceTree = "<group>"; };
		A20000000000000000000004 /* MoodEntryStore.swift */ = {isa = PBXFileReference; lastKnownFileType = sourcecode.swift; path = MoodEntryStore.swift; sourceTree = "<group>"; };
		A20000000000000000000031 /* CaptureDraftStore.swift */ = {isa = PBXFileReference; lastKnownFileType = sourcecode.swift; path = CaptureDraftStore.swift; sourceTree = "<group>"; };
		A20000000000000000000005 /* CaptureView.swift */ = {isa = PBXFileReference; lastKnownFileType = sourcecode.swift; path = CaptureView.swift; sourceTree = "<group>"; };
		A20000000000000000000006 /* CardView.swift */ = {isa = PBXFileReference; lastKnownFileType = sourcecode.swift; path = CardView.swift; sourceTree = "<group>"; };
		A20000000000000000000007 /* GalleryView.swift */ = {isa = PBXFileReference; lastKnownFileType = sourcecode.swift; path = GalleryView.swift; sourceTree = "<group>"; };
		A20000000000000000000008 /* Assets.xcassets */ = {isa = PBXFileReference; lastKnownFileType = folder.assetcatalog; path = Assets.xcassets; sourceTree = "<group>"; };
		A20000000000000000000009 /* MoodPolaroid.app */ = {isa = PBXFileReference; explicitFileType = wrapper.application; includeInIndex = 0; path = MoodPolaroid.app; sourceTree = BUILT_PRODUCTS_DIR; };
		A2000000000000000000000B /* PhotoFileStore.swift */ = {isa = PBXFileReference; lastKnownFileType = sourcecode.swift; path = PhotoFileStore.swift; sourceTree = "<group>"; };
		A2000000000000000000000C /* CameraController.swift */ = {isa = PBXFileReference; lastKnownFileType = sourcecode.swift; path = CameraController.swift; sourceTree = "<group>"; };
		A20000000000000000000010 /* PolaroidCard.swift */ = {isa = PBXFileReference; lastKnownFileType = sourcecode.swift; path = PolaroidCard.swift; sourceTree = "<group>"; };
		A2000000000000000000000D /* AIService.swift */ = {isa = PBXFileReference; lastKnownFileType = sourcecode.swift; path = AIService.swift; sourceTree = "<group>"; };
		A2000000000000000000000E /* CameraSkins.swift */ = {isa = PBXFileReference; lastKnownFileType = sourcecode.swift; path = CameraSkins.swift; sourceTree = "<group>"; };
		A2000000000000000000000F /* SkinnedCameraView.swift */ = {isa = PBXFileReference; lastKnownFileType = sourcecode.swift; path = SkinnedCameraView.swift; sourceTree = "<group>"; };
		A20000000000000000000011 /* CameraFilterPipeline.swift */ = {isa = PBXFileReference; lastKnownFileType = sourcecode.swift; path = CameraFilterPipeline.swift; sourceTree = "<group>"; };
/* End PBXFileReference section */

/* Begin PBXFrameworksBuildPhase section */
		A30000000000000000000001 /* Frameworks */ = {
			isa = PBXFrameworksBuildPhase;
			buildActionMask = 2147483647;
			files = (
			);
			runOnlyForDeploymentPostprocessing = 0;
		};
/* End PBXFrameworksBuildPhase section */

/* Begin PBXGroup section */
		A40000000000000000000001 = {
			isa = PBXGroup;
			children = (
				A40000000000000000000002 /* MoodPolaroid */,
				A40000000000000000000006 /* Products */,
			);
			sourceTree = "<group>";
		};
		A40000000000000000000002 /* MoodPolaroid */ = {
			isa = PBXGroup;
			children = (
				A20000000000000000000001 /* MoodPolaroidApp.swift */,
				A20000000000000000000002 /* RootView.swift */,
				A40000000000000000000003 /* Models */,
				A40000000000000000000004 /* Store */,
				A40000000000000000000005 /* Views */,
				A40000000000000000000007 /* Services */,
				A2000000000000000000000E /* CameraSkins.swift */,
				A20000000000000000000008 /* Assets.xcassets */,
			);
			path = MoodPolaroid;
			sourceTree = "<group>";
		};
		A40000000000000000000003 /* Models */ = {
			isa = PBXGroup;
			children = (
				A20000000000000000000003 /* MoodEntry.swift */,
			);
			path = Models;
			sourceTree = "<group>";
		};
		A40000000000000000000004 /* Store */ = {
			isa = PBXGroup;
			children = (
				A20000000000000000000004 /* MoodEntryStore.swift */,
				A20000000000000000000031 /* CaptureDraftStore.swift */,
				A2000000000000000000000B /* PhotoFileStore.swift */,
			);
			path = Store;
			sourceTree = "<group>";
		};
		A40000000000000000000005 /* Views */ = {
			isa = PBXGroup;
			children = (
				A20000000000000000000005 /* CaptureView.swift */,
				A2000000000000000000000C /* CameraController.swift */,
				A2000000000000000000000F /* SkinnedCameraView.swift */,
				A20000000000000000000006 /* CardView.swift */,
				A20000000000000000000010 /* PolaroidCard.swift */,
				A20000000000000000000007 /* GalleryView.swift */,
			);
			path = Views;
			sourceTree = "<group>";
		};
		A40000000000000000000006 /* Products */ = {
			isa = PBXGroup;
			children = (
				A20000000000000000000009 /* MoodPolaroid.app */,
			);
			name = Products;
			sourceTree = "<group>";
		};
		A40000000000000000000007 /* Services */ = {
			isa = PBXGroup;
			children = (
				A2000000000000000000000D /* AIService.swift */,
				A20000000000000000000011 /* CameraFilterPipeline.swift */,
			);
			path = Services;
			sourceTree = "<group>";
		};
/* End PBXGroup section */

/* Begin PBXNativeTarget section */
		A50000000000000000000001 /* MoodPolaroid */ = {
			isa = PBXNativeTarget;
			buildConfigurationList = A80000000000000000000002 /* Build configuration list for PBXNativeTarget "MoodPolaroid" */;
			buildPhases = (
				A60000000000000000000001 /* Sources */,
				A30000000000000000000001 /* Frameworks */,
				A70000000000000000000001 /* Resources */,
			);
			buildRules = (
			);
			dependencies = (
			);
			name = MoodPolaroid;
			productName = MoodPolaroid;
			productReference = A20000000000000000000009 /* MoodPolaroid.app */;
			productType = "com.apple.product-type.application";
		};
/* End PBXNativeTarget section */

/* Begin PBXProject section */
		A90000000000000000000001 /* Project object */ = {
			isa = PBXProject;
			attributes = {
				BuildIndependentTargetsInParallel = 1;
				LastSwiftUpdateCheck = 2660;
				LastUpgradeCheck = 2660;
				TargetAttributes = {
					A50000000000000000000001 = {
						CreatedOnToolsVersion = 26.6;
					};
				};
			};
			buildConfigurationList = A80000000000000000000001 /* Build configuration list for PBXProject "MoodPolaroid" */;
			compatibilityVersion = "Xcode 14.0";
			developmentRegion = "zh-Hans";
			hasScannedForEncodings = 0;
			knownRegions = (
				Base,
				"zh-Hans",
				en,
			);
			mainGroup = A40000000000000000000001;
			productRefGroup = A40000000000000000000006 /* Products */;
			projectDirPath = "";
			projectRoot = "";
			targets = (
				A50000000000000000000001 /* MoodPolaroid */,
			);
		};
/* End PBXProject section */

/* Begin PBXResourcesBuildPhase section */
		A70000000000000000000001 /* Resources */ = {
			isa = PBXResourcesBuildPhase;
			buildActionMask = 2147483647;
			files = (
				A10000000000000000000008 /* Assets.xcassets in Resources */,
			);
			runOnlyForDeploymentPostprocessing = 0;
		};
/* End PBXResourcesBuildPhase section */

/* Begin PBXSourcesBuildPhase section */
		A60000000000000000000001 /* Sources */ = {
			isa = PBXSourcesBuildPhase;
			buildActionMask = 2147483647;
			files = (
				A10000000000000000000001 /* MoodPolaroidApp.swift in Sources */,
				A10000000000000000000002 /* RootView.swift in Sources */,
				A10000000000000000000003 /* MoodEntry.swift in Sources */,
				A10000000000000000000004 /* MoodEntryStore.swift in Sources */,
				A10000000000000000000031 /* CaptureDraftStore.swift in Sources */,
				A10000000000000000000005 /* CaptureView.swift in Sources */,
				A10000000000000000000006 /* CardView.swift in Sources */,
				A10000000000000000000007 /* GalleryView.swift in Sources */,
				A10000000000000000000009 /* PolaroidCard.swift in Sources */,
				A1000000000000000000000A /* PhotoFileStore.swift in Sources */,
				A1000000000000000000000B /* CameraController.swift in Sources */,
				A1000000000000000000000C /* AIService.swift in Sources */,
				A1000000000000000000000D /* CameraSkins.swift in Sources */,
				A1000000000000000000000E /* SkinnedCameraView.swift in Sources */,
				A1000000000000000000000F /* CameraFilterPipeline.swift in Sources */,
			);
			runOnlyForDeploymentPostprocessing = 0;
		};
/* End PBXSourcesBuildPhase section */

/* Begin XCBuildConfiguration section */
		B10000000000000000000001 /* Debug */ = {
			isa = XCBuildConfiguration;
			buildSettings = {
				ALWAYS_SEARCH_USER_PATHS = NO;
				CLANG_ENABLE_MODULES = YES;
				CLANG_ENABLE_OBJC_ARC = YES;
				COPY_PHASE_STRIP = NO;
				DEBUG_INFORMATION_FORMAT = dwarf;
				ENABLE_TESTABILITY = YES;
				GCC_C_LANGUAGE_STANDARD = gnu17;
				GCC_OPTIMIZATION_LEVEL = 0;
				GCC_PREPROCESSOR_DEFINITIONS = (
					"DEBUG=1",
					"$(inherited)",
				);
				IPHONEOS_DEPLOYMENT_TARGET = 17.0;
				MTL_ENABLE_DEBUG_INFO = INCLUDE_SOURCE;
				ONLY_ACTIVE_ARCH = YES;
				SDKROOT = iphoneos;
				SWIFT_ACTIVE_COMPILATION_CONDITIONS = "DEBUG $(inherited)";
				SWIFT_OPTIMIZATION_LEVEL = "-Onone";
			};
			name = Debug;
		};
		B10000000000000000000002 /* Release */ = {
			isa = XCBuildConfiguration;
			buildSettings = {
				ALWAYS_SEARCH_USER_PATHS = NO;
				CLANG_ENABLE_MODULES = YES;
				CLANG_ENABLE_OBJC_ARC = YES;
				COPY_PHASE_STRIP = NO;
				DEBUG_INFORMATION_FORMAT = "dwarf-with-dsym";
				GCC_C_LANGUAGE_STANDARD = gnu17;
				IPHONEOS_DEPLOYMENT_TARGET = 17.0;
				MTL_ENABLE_DEBUG_INFO = NO;
				SDKROOT = iphoneos;
				SWIFT_COMPILATION_MODE = wholemodule;
			};
			name = Release;
		};
		B20000000000000000000001 /* Debug */ = {
			isa = XCBuildConfiguration;
			buildSettings = {
				ASSETCATALOG_COMPILER_ACCENT_COLOR_NAME = AccentColor;
				ASSETCATALOG_COMPILER_APPICON_NAME = AppIcon;
				CODE_SIGN_STYLE = Automatic;
				CURRENT_PROJECT_VERSION = 1;
				DEVELOPMENT_ASSET_PATHS = "";
				DEVELOPMENT_TEAM = UJGPC77JQA;
				ENABLE_PREVIEWS = YES;
				GENERATE_INFOPLIST_FILE = YES;
				INFOPLIST_KEY_CFBundleDisplayName = MoodPolaroid;
				INFOPLIST_KEY_LSApplicationCategoryType = "public.app-category.lifestyle";
				INFOPLIST_KEY_NSCameraUsageDescription = "用于拍摄并保存你的情绪照片。";
				INFOPLIST_KEY_NSPhotoLibraryUsageDescription = "用于从系统相册选择照片并创建情绪记录。";
				INFOPLIST_KEY_UIApplicationSceneManifest_Generation = YES;
				INFOPLIST_KEY_UIApplicationSupportsIndirectInputEvents = YES;
				INFOPLIST_KEY_UILaunchScreen_Generation = YES;
				INFOPLIST_KEY_UIRequiresFullScreen = YES;
				INFOPLIST_KEY_UISupportedInterfaceOrientations = UIInterfaceOrientationPortrait;
				INFOPLIST_KEY_UISupportedInterfaceOrientations_iPad = UIInterfaceOrientationPortrait;
				IPHONEOS_DEPLOYMENT_TARGET = 17.0;
				MARKETING_VERSION = 1.0;
				PRODUCT_BUNDLE_IDENTIFIER = com.example.MoodPolaroid;
				PRODUCT_NAME = "$(TARGET_NAME)";
				SUPPORTED_PLATFORMS = "iphoneos iphonesimulator";
				SUPPORTS_MACCATALYST = NO;
				SWIFT_EMIT_LOC_STRINGS = YES;
				SWIFT_VERSION = 5.0;
				TARGETED_DEVICE_FAMILY = "1,2";
			};
			name = Debug;
		};
		B20000000000000000000002 /* Release */ = {
			isa = XCBuildConfiguration;
			buildSettings = {
				ASSETCATALOG_COMPILER_ACCENT_COLOR_NAME = AccentColor;
				ASSETCATALOG_COMPILER_APPICON_NAME = AppIcon;
				CODE_SIGN_STYLE = Automatic;
				CURRENT_PROJECT_VERSION = 1;
				DEVELOPMENT_ASSET_PATHS = "";
				DEVELOPMENT_TEAM = UJGPC77JQA;
				ENABLE_PREVIEWS = YES;
				GENERATE_INFOPLIST_FILE = YES;
				INFOPLIST_KEY_CFBundleDisplayName = MoodPolaroid;
				INFOPLIST_KEY_LSApplicationCategoryType = "public.app-category.lifestyle";
				INFOPLIST_KEY_NSCameraUsageDescription = "用于拍摄并保存你的情绪照片。";
				INFOPLIST_KEY_NSPhotoLibraryUsageDescription = "用于从系统相册选择照片并创建情绪记录。";
				INFOPLIST_KEY_UIApplicationSceneManifest_Generation = YES;
				INFOPLIST_KEY_UIApplicationSupportsIndirectInputEvents = YES;
				INFOPLIST_KEY_UILaunchScreen_Generation = YES;
				INFOPLIST_KEY_UIRequiresFullScreen = YES;
				INFOPLIST_KEY_UISupportedInterfaceOrientations = UIInterfaceOrientationPortrait;
				INFOPLIST_KEY_UISupportedInterfaceOrientations_iPad = UIInterfaceOrientationPortrait;
				IPHONEOS_DEPLOYMENT_TARGET = 17.0;
				MARKETING_VERSION = 1.0;
				PRODUCT_BUNDLE_IDENTIFIER = com.example.MoodPolaroid;
				PRODUCT_NAME = "$(TARGET_NAME)";
				SUPPORTED_PLATFORMS = "iphoneos iphonesimulator";
				SUPPORTS_MACCATALYST = NO;
				SWIFT_EMIT_LOC_STRINGS = YES;
				SWIFT_VERSION = 5.0;
				TARGETED_DEVICE_FAMILY = "1,2";
			};
			name = Release;
		};
/* End XCBuildConfiguration section */

/* Begin XCConfigurationList section */
		A80000000000000000000001 /* Build configuration list for PBXProject "MoodPolaroid" */ = {
			isa = XCConfigurationList;
			buildConfigurations = (
				B10000000000000000000001 /* Debug */,
				B10000000000000000000002 /* Release */,
			);
			defaultConfigurationIsVisible = 0;
			defaultConfigurationName = Release;
		};
		A80000000000000000000002 /* Build configuration list for PBXNativeTarget "MoodPolaroid" */ = {
			isa = XCConfigurationList;
			buildConfigurations = (
				B20000000000000000000001 /* Debug */,
				B20000000000000000000002 /* Release */,
			);
			defaultConfigurationIsVisible = 0;
			defaultConfigurationName = Release;
		};
/* End XCConfigurationList section */
	};
	rootObject = A90000000000000000000001 /* Project object */;
}
